
Microsoft Visual Studio Solution File, Format Version 12.00
# Visual Studio 14
VisualStudioVersion = 14.0.24720.0
MinimumVisualStudioVersion = 10.0.40219.1
Project("{FAE04EC0-301F-11D3-BF4B-00C04F79EFBC}") = "YFit.Web", "YFitWeb\YFit.Web.csproj", "{71EC4671-C515-4226-ACCA-BED950FC3BD6}"
EndProject
Project("{FAE04EC0-301F-11D3-BF4B-00C04F79EFBC}") = "YFit.Domain", "YFit.Domain\YFit.Domain.csproj", "{961223BD-6AA7-4858-BFD8-F88496CD5972}"
EndProject
Project("{FAE04EC0-301F-11D3-BF4B-00C04F79EFBC}") = "YFit.Mobile", "YFit.Mobile\YFit.Mobile.csproj", "{05676D32-E784-4395-8918-1C25D5FEC35D}"
EndProject
Global
	GlobalSection(SolutionConfigurationPlatforms) = preSolution
		Debug|Any CPU = Debug|Any CPU
		Release|Any CPU = Release|Any CPU
	EndGlobalSection
	GlobalSection(ProjectConfigurationPlatforms) = postSolution
		{71EC4671-C515-4226-ACCA-BED950FC3BD6}.Debug|Any CPU.ActiveCfg = Debug|Any CPU
		{71EC4671-C515-4226-ACCA-BED950FC3BD6}.Debug|Any CPU.Build.0 = Debug|Any CPU
		{71EC4671-C515-4226-ACCA-BED950FC3BD6}.Release|Any CPU.ActiveCfg = Release|Any CPU
		{71EC4671-C515-4226-ACCA-BED950FC3BD6}.Release|Any CPU.Build.0 = Release|Any CPU
		{961223BD-6AA7-4858-BFD8-F88496CD5972}.Debug|Any CPU.ActiveCfg = Debug|Any CPU
		{961223BD-6AA7-4858-BFD8-F88496CD5972}.Debug|Any CPU.Build.0 = Debug|Any CPU
		{961223BD-6AA7-4858-BFD8-F88496CD5972}.Release|Any CPU.ActiveCfg = Release|Any CPU
		{961223BD-6AA7-4858-BFD8-F88496CD5972}.Release|Any CPU.Build.0 = Release|Any CPU
		{05676D32-E784-4395-8918-1C25D5FEC35D}.Debug|Any CPU.ActiveCfg = Debug|Any CPU
		{05676D32-E784-4395-8918-1C25D5FEC35D}.Debug|Any CPU.Build.0 = Debug|Any CPU
		{05676D32-E784-4395-8918-1C25D5FEC35D}.Debug|Any CPU.Deploy.0 = Debug|Any CPU
		{05676D32-E784-4395-8918-1C25D5FEC35D}.Release|Any CPU.ActiveCfg = Release|Any CPU
		{05676D32-E784-4395-8918-1C25D5FEC35D}.Release|Any CPU.Build.0 = Release|Any CPU
		{05676D32-E784-4395-8918-1C25D5FEC35D}.Release|Any CPU.Deploy.0 = Release|Any CPU
	EndGlobalSection
	GlobalSection(SolutionProperties) = preSolution
		HideSolutionNode = FALSE
	EndGlobalSection
EndGlobal
